
Microsoft Visual Studio Solution File, Format Version 12.00
# Visual Studio Version 17
VisualStudioVersion = 17.5.33627.172
MinimumVisualStudioVersion = 10.0.40219.1
Project("{FAE04EC0-301F-11D3-BF4B-00C04F79EFBC}") = "NO2", "NO2\NO2.csproj", "{4687C5BE-4244-455F-9ECE-4A240783C0BD}"
EndProject
Global
	GlobalSection(SolutionConfigurationPlatforms) = preSolution
		Debug|Any CPU = Debug|Any CPU
		Release|Any CPU = Release|Any CPU
	EndGlobalSection
	GlobalSection(ProjectConfigurationPlatforms) = postSolution
		{4687C5BE-4244-455F-9ECE-4A240783C0BD}.Debug|Any CPU.ActiveCfg = Debug|Any CPU
		{4687C5BE-4244-455F-9ECE-4A240783C0BD}.Debug|Any CPU.Build.0 = Debug|Any CPU
		{4687C5BE-4244-455F-9ECE-4A240783C0BD}.Release|Any CPU.ActiveCfg = Release|Any CPU
		{4687C5BE-4244-455F-9ECE-4A240783C0BD}.Release|Any CPU.Build.0 = Release|Any CPU
	EndGlobalSection
	GlobalSection(SolutionProperties) = preSolution
		HideSolutionNode = FALSE
	EndGlobalSection
	GlobalSection(ExtensibilityGlobals) = postSolution
		SolutionGuid = {D7BAB0F4-6599-4D25-8777-5D145153986A}
	EndGlobalSection
EndGlobal
